{
  "name": "src",
  "lockfileVersion": 2,
  "requires": true,
  "packages": {
    "": {
      "dependencies": {
        "glob": "^7.1.6",
        "wavefile-reader": "^1.1.1"
      }
    },
    "node_modules/balanced-match": {
      "version": "1.0.0",
      "resolved": "https://registry.npmjs.org/balanced-match/-/balanced-match-1.0.0.tgz",
      "integrity": "sha1-ibTRmasr7kneFk6gK4nORi1xt2c="
    },
    "node_modules/brace-expansion": {
      "version": "1.1.11",
      "resolved": "https://registry.npmjs.org/brace-expansion/-/brace-expansion-1.1.11.tgz",
      "integrity": "sha512-iCuPHDFgrHX7H2vEI/5xpz07zSHB00TpugqhmYtVmMO6518mCuRMoOYFldEBl0g187ufozdaHgWKcYFb61qGiA==",
      "dependencies": {
        "balanced-match": "^1.0.0",
        "concat-map": "0.0.1"
      }
    },
    "node_modules/byte-data": {
      "version": "18.1.1",
      "resolved": "https://registry.npmjs.org/byte-data/-/byte-data-18.1.1.tgz",
      "integrity": "sha512-Kv/B0r7adgnCcrs/y703sac2XFLdHW5kPfis1j8+Ij/hmEcWhBKf+1pNTv+vsNqXb207Uiyri8bpnogNxR/4Lg==",
      "dependencies": {
        "endianness": "^8.0.2",
        "ieee754-buffer": "^2.0.0",
        "utf8-buffer": "^1.0.0"
      },
      "engines": {
        "node": ">=8"
      }
    },
    "node_modules/concat-map": {
      "version": "0.0.1",
      "resolved": "https://registry.npmjs.org/concat-map/-/concat-map-0.0.1.tgz",
      "integrity": "sha1-2Klr13/Wjfd5OnMDajug1UBdR3s="
    },
    "node_modules/endianness": {
      "version": "8.0.2",
      "resolved": "https://registry.npmjs.org/endianness/-/endianness-8.0.2.tgz",
      "integrity": "sha512-IU+77+jJ7lpw2qZ3NUuqBZFy3GuioNgXUdsL1L9tooDNTaw0TgOnwNuc+8Ns+haDaTifK97QLzmOANJtI/rGvw==",
      "engines": {
        "node": ">=8"
      }
    },
    "node_modules/fs.realpath": {
      "version": "1.0.0",
      "resolved": "https://registry.npmjs.org/fs.realpath/-/fs.realpath-1.0.0.tgz",
      "integrity": "sha1-FQStJSMVjKpA20onh8sBQRmU6k8="
    },
    "node_modules/glob": {
      "version": "7.1.6",
      "resolved": "https://registry.npmjs.org/glob/-/glob-7.1.6.tgz",
      "integrity": "sha512-LwaxwyZ72Lk7vZINtNNrywX0ZuLyStrdDtabefZKAY5ZGJhVtgdznluResxNmPitE0SAO+O26sWTHeKSI2wMBA==",
      "dependencies": {
        "fs.realpath": "^1.0.0",
        "inflight": "^1.0.4",
        "inherits": "2",
        "minimatch": "^3.0.4",
        "once": "^1.3.0",
        "path-is-absolute": "^1.0.0"
      },
      "engines": {
        "node": "*"
      },
      "funding": {
        "url": "https://github.com/sponsors/isaacs"
      }
    },
    "node_modules/ieee754-buffer": {
      "version": "2.0.0",
      "resolved": "https://registry.npmjs.org/ieee754-buffer/-/ieee754-buffer-2.0.0.tgz",
      "integrity": "sha512-AXUAT0nMEi7h1Is8HXGXof3eejl/GabZFKSj8Ym6kVRUSwrAb52EkAXywiCQYSHGQMRn7lvfY7vhPMjVc+Kybg==",
      "engines": {
        "node": ">=8"
      }
    },
    "node_modules/inflight": {
      "version": "1.0.6",
      "resolved": "https://registry.npmjs.org/inflight/-/inflight-1.0.6.tgz",
      "integrity": "sha1-Sb1jMdfQLQwJvJEKEHW6gWW1bfk=",
      "dependencies": {
        "once": "^1.3.0",
        "wrappy": "1"
      }
    },
    "node_modules/inherits": {
      "version": "2.0.4",
      "resolved": "https://registry.npmjs.org/inherits/-/inherits-2.0.4.tgz",
      "integrity": "sha512-k/vGaX4/Yla3WzyMCvTQOXYeIHvqOKtnqBduzTHpzpQZzAskKMhZ2K+EnBiSM9zGSoIFeMpXKxa4dYeZIQqewQ=="
    },
    "node_modules/minimatch": {
      "version": "3.0.4",
      "resolved": "https://registry.npmjs.org/minimatch/-/minimatch-3.0.4.tgz",
      "integrity": "sha512-yJHVQEhyqPLUTgt9B83PXu6W3rx4MvvHvSUvToogpwoGDOUQ+yDrR0HRot+yOCdCO7u4hX3pWft6kWBBcqh0UA==",
      "dependencies": {
        "brace-expansion": "^1.1.7"
      },
      "engines": {
        "node": "*"
      }
    },
    "node_modules/once": {
      "version": "1.4.0",
      "resolved": "https://registry.npmjs.org/once/-/once-1.4.0.tgz",
      "integrity": "sha1-WDsap3WWHUsROsF9nFC6753Xa9E=",
      "dependencies": {
        "wrappy": "1"
      }
    },
    "node_modules/path-is-absolute": {
      "version": "1.0.1",
      "resolved": "https://registry.npmjs.org/path-is-absolute/-/path-is-absolute-1.0.1.tgz",
      "integrity": "sha1-F0uSaHNVNP+8es5r9TpanhtcX18=",
      "engines": {
        "node": ">=0.10.0"
      }
    },
    "node_modules/riff-file": {
      "version": "1.0.3",
      "resolved": "https://registry.npmjs.org/riff-file/-/riff-file-1.0.3.tgz",
      "integrity": "sha512-Vv8wwGr0BCks7VMI3Lv0houZee4DaHFjjTT0LMhMJKio2YmLncLeIVpK63ydSverngNk8XQPU3fbeP3bWgSIig==",
      "dependencies": {
        "byte-data": "^18.0.3"
      },
      "engines": {
        "node": ">=8"
      }
    },
    "node_modules/utf8-buffer": {
      "version": "1.0.0",
      "resolved": "https://registry.npmjs.org/utf8-buffer/-/utf8-buffer-1.0.0.tgz",
      "integrity": "sha512-ueuhzvWnp5JU5CiGSY4WdKbiN/PO2AZ/lpeLiz2l38qwdLy/cW40XobgyuIWucNyum0B33bVB0owjFCeGBSLqg==",
      "engines": {
        "node": ">=8"
      }
    },
    "node_modules/wavefile-reader": {
      "version": "1.1.1",
      "resolved": "https://registry.npmjs.org/wavefile-reader/-/wavefile-reader-1.1.1.tgz",
      "integrity": "sha512-cc0C6gNhuSu7ZitGSf7NQIqsKe0j2Zjqr81I5Q44ldeOyOL9KQh0g9qb6+FvZJYachTwNKrqK8KFguiaTgVVew==",
      "dependencies": {
        "byte-data": "^18.0.3",
        "riff-file": "^1.0.3"
      },
      "engines": {
        "node": ">=8"
      }
    },
    "node_modules/wrappy": {
      "version": "1.0.2",
      "resolved": "https://registry.npmjs.org/wrappy/-/wrappy-1.0.2.tgz",
      "integrity": "sha1-tSQ9jz7BqjXxNkYFvA0QNuMKtp8="
    }
  },
  "dependencies": {
    "balanced-match": {
      "version": "1.0.0",
      "resolved": "https://registry.npmjs.org/balanced-match/-/balanced-match-1.0.0.tgz",
      "integrity": "sha1-ibTRmasr7kneFk6gK4nORi1xt2c="
    },
    "brace-expansion": {
      "version": "1.1.11",
      "resolved": "https://registry.npmjs.org/brace-expansion/-/brace-expansion-1.1.11.tgz",
      "integrity": "sha512-iCuPHDFgrHX7H2vEI/5xpz07zSHB00TpugqhmYtVmMO6518mCuRMoOYFldEBl0g187ufozdaHgWKcYFb61qGiA==",
      "requires": {
        "balanced-match": "^1.0.0",
        "concat-map": "0.0.1"
      }
    },
    "byte-data": {
      "version": "18.1.1",
      "resolved": "https://registry.npmjs.org/byte-data/-/byte-data-18.1.1.tgz",
      "integrity": "sha512-Kv/B0r7adgnCcrs/y703sac2XFLdHW5kPfis1j8+Ij/hmEcWhBKf+1pNTv+vsNqXb207Uiyri8bpnogNxR/4Lg==",
      "requires": {
        "endianness": "^8.0.2",
        "ieee754-buffer": "^2.0.0",
        "utf8-buffer": "^1.0.0"
      }
    },
    "concat-map": {
      "version": "0.0.1",
      "resolved": "https://registry.npmjs.org/concat-map/-/concat-map-0.0.1.tgz",
      "integrity": "sha1-2Klr13/Wjfd5OnMDajug1UBdR3s="
    },
    "endianness": {
      "version": "8.0.2",
      "resolved": "https://registry.npmjs.org/endianness/-/endianness-8.0.2.tgz",
      "integrity": "sha512-IU+77+jJ7lpw2qZ3NUuqBZFy3GuioNgXUdsL1L9tooDNTaw0TgOnwNuc+8Ns+haDaTifK97QLzmOANJtI/rGvw=="
    },
    "fs.realpath": {
      "version": "1.0.0",
      "resolved": "https://registry.npmjs.org/fs.realpath/-/fs.realpath-1.0.0.tgz",
      "integrity": "sha1-FQStJSMVjKpA20onh8sBQRmU6k8="
    },
    "glob": {
      "version": "7.1.6",
      "resolved": "https://registry.npmjs.org/glob/-/glob-7.1.6.tgz",
      "integrity": "sha512-LwaxwyZ72Lk7vZINtNNrywX0ZuLyStrdDtabefZKAY5ZGJhVtgdznluResxNmPitE0SAO+O26sWTHeKSI2wMBA==",
      "requires": {
        "fs.realpath": "^1.0.0",
        "inflight": "^1.0.4",
        "inherits": "2",
        "minimatch": "^3.0.4",
        "once": "^1.3.0",
        "path-is-absolute": "^1.0.0"
      }
    },
    "ieee754-buffer": {
      "version": "2.0.0",
      "resolved": "https://registry.npmjs.org/ieee754-buffer/-/ieee754-buffer-2.0.0.tgz",
      "integrity": "sha512-AXUAT0nMEi7h1Is8HXGXof3eejl/GabZFKSj8Ym6kVRUSwrAb52EkAXywiCQYSHGQMRn7lvfY7vhPMjVc+Kybg=="
    },
    "inflight": {
      "version": "1.0.6",
      "resolved": "https://registry.npmjs.org/inflight/-/inflight-1.0.6.tgz",
      "integrity": "sha1-Sb1jMdfQLQwJvJEKEHW6gWW1bfk=",
      "requires": {
        "once": "^1.3.0",
        "wrappy": "1"
      }
    },
    "inherits": {
      "version": "2.0.4",
      "resolved": "https://registry.npmjs.org/inherits/-/inherits-2.0.4.tgz",
      "integrity": "sha512-k/vGaX4/Yla3WzyMCvTQOXYeIHvqOKtnqBduzTHpzpQZzAskKMhZ2K+EnBiSM9zGSoIFeMpXKxa4dYeZIQqewQ=="
    },
    "minimatch": {
      "version": "3.0.4",
      "resolved": "https://registry.npmjs.org/minimatch/-/minimatch-3.0.4.tgz",
      "integrity": "sha512-yJHVQEhyqPLUTgt9B83PXu6W3rx4MvvHvSUvToogpwoGDOUQ+yDrR0HRot+yOCdCO7u4hX3pWft6kWBBcqh0UA==",
      "requires": {
        "brace-expansion": "^1.1.7"
      }
    },
    "once": {
      "version": "1.4.0",
      "resolved": "https://registry.npmjs.org/once/-/once-1.4.0.tgz",
      "integrity": "sha1-WDsap3WWHUsROsF9nFC6753Xa9E=",
      "requires": {
        "wrappy": "1"
      }
    },
    "path-is-absolute": {
      "version": "1.0.1",
      "resolved": "https://registry.npmjs.org/path-is-absolute/-/path-is-absolute-1.0.1.tgz",
      "integrity": "sha1-F0uSaHNVNP+8es5r9TpanhtcX18="
    },
    "riff-file": {
      "version": "1.0.3",
      "resolved": "https://registry.npmjs.org/riff-file/-/riff-file-1.0.3.tgz",
      "integrity": "sha512-Vv8wwGr0BCks7VMI3Lv0houZee4DaHFjjTT0LMhMJKio2YmLncLeIVpK63ydSverngNk8XQPU3fbeP3bWgSIig==",
      "requires": {
        "byte-data": "^18.0.3"
      }
    },
    "utf8-buffer": {
      "version": "1.0.0",
      "resolved": "https://registry.npmjs.org/utf8-buffer/-/utf8-buffer-1.0.0.tgz",
      "integrity": "sha512-ueuhzvWnp5JU5CiGSY4WdKbiN/PO2AZ/lpeLiz2l38qwdLy/cW40XobgyuIWucNyum0B33bVB0owjFCeGBSLqg=="
    },
    "wavefile-reader": {
      "version": "1.1.1",
      "resolved": "https://registry.npmjs.org/wavefile-reader/-/wavefile-reader-1.1.1.tgz",
      "integrity": "sha512-cc0C6gNhuSu7ZitGSf7NQIqsKe0j2Zjqr81I5Q44ldeOyOL9KQh0g9qb6+FvZJYachTwNKrqK8KFguiaTgVVew==",
      "requires": {
        "byte-data": "^18.0.3",
        "riff-file": "^1.0.3"
      }
    },
    "wrappy": {
      "version": "1.0.2",
      "resolved": "https://registry.npmjs.org/wrappy/-/wrappy-1.0.2.tgz",
      "integrity": "sha1-tSQ9jz7BqjXxNkYFvA0QNuMKtp8="
    }
  }
}
